// !$*UTF8*$!
{
	archiveVersion = 1;
	classes = {
	};
	objectVersion = 46;
	objects = {

/* Begin PBXBuildFile section */
		9C41C90A19903BE00059FD19 /* IDRectangle.m in Sources */ = {isa = PBXBuildFile; fileRef = 9C41C90919903BE00059FD19 /* IDRectangle.m */; };
		9C775ACB19903E4E001E7C7B /* IDRay.m in Sources */ = {isa = PBXBuildFile; fileRef = 9C775ACA19903E4E001E7C7B /* IDRay.m */; };
		9C775ACE19903EFB001E7C7B /* IDCamera.m in Sources */ = {isa = PBXBuildFile; fileRef = 9C775ACD19903EFB001E7C7B /* IDCamera.m */; };
		9C775AD119903F8F001E7C7B /* IDRender.m in Sources */ = {isa = PBXBuildFile; fileRef = 9C775AD019903F8F001E7C7B /* IDRender.m */; };
		9C775AD6199067A8001E7C7B /* IDView.m in Sources */ = {isa = PBXBuildFile; fileRef = 9C775AD5199067A8001E7C7B /* IDView.m */; };
		9C775AD919906FB5001E7C7B /* IDLine.m in Sources */ = {isa = PBXBuildFile; fileRef = 9C775AD819906FB5001E7C7B /* IDLine.m */; };
		9CD0DB7C19A4782B00BBD49B /* IDRenderLine.m in Sources */ = {isa = PBXBuildFile; fileRef = 9CD0DB7B19A4782B00BBD49B /* IDRenderLine.m */; };
		9CF1797C19903323009BDD8D /* main.m in Sources */ = {isa = PBXBuildFile; fileRef = 9CF1797B19903323009BDD8D /* main.m */; };
		9CF1797F19903323009BDD8D /* AppDelegate.m in Sources */ = {isa = PBXBuildFile; fileRef = 9CF1797E19903323009BDD8D /* AppDelegate.m */; };
		9CF1798219903323009BDD8D /* ViewController.m in Sources */ = {isa = PBXBuildFile; fileRef = 9CF1798119903323009BDD8D /* ViewController.m */; };
		9CF1798519903323009BDD8D /* Main.storyboard in Resources */ = {isa = PBXBuildFile; fileRef = 9CF1798319903323009BDD8D /* Main.storyboard */; };
		9CF1798719903323009BDD8D /* Images.xcassets in Resources */ = {isa = PBXBuildFile; fileRef = 9CF1798619903323009BDD8D /* Images.xcassets */; };
		9CF1799319903324009BDD8D /* raycastTests.m in Sources */ = {isa = PBXBuildFile; fileRef = 9CF1799219903324009BDD8D /* raycastTests.m */; };
		9CF1799E199037DC009BDD8D /* IDTicker.m in Sources */ = {isa = PBXBuildFile; fileRef = 9CF1799D199037DC009BDD8D /* IDTicker.m */; };
/* End PBXBuildFile section */

/* Begin PBXContainerItemProxy section */
		9CF1798D19903324009BDD8D /* PBXContainerItemProxy */ = {
			isa = PBXContainerItemProxy;
			containerPortal = 9CF1796E19903323009BDD8D /* Project object */;
			proxyType = 1;
			remoteGlobalIDString = 9CF1797519903323009BDD8D;
			remoteInfo = raycast;
		};
/* End PBXContainerItemProxy section */

/* Begin PBXFileReference section */
		9C41C90819903BE00059FD19 /* IDRectangle.h */ = {isa = PBXFileReference; fileEncoding = 4; lastKnownFileType = sourcecode.c.h; path = IDRectangle.h; sourceTree = "<group>"; };
		9C41C90919903BE00059FD19 /* IDRectangle.m */ = {isa = PBXFileReference; fileEncoding = 4; lastKnownFileType = sourcecode.c.objc; path = IDRectangle.m; sourceTree = "<group>"; };
		9C775AC919903E4E001E7C7B /* IDRay.h */ = {isa = PBXFileReference; fileEncoding = 4; lastKnownFileType = sourcecode.c.h; path = IDRay.h; sourceTree = "<group>"; };
		9C775ACA19903E4E001E7C7B /* IDRay.m */ = {isa = PBXFileReference; fileEncoding = 4; lastKnownFileType = sourcecode.c.objc; path = IDRay.m; sourceTree = "<group>"; };
		9C775ACC19903EFB001E7C7B /* IDCamera.h */ = {isa = PBXFileReference; fileEncoding = 4; lastKnownFileType = sourcecode.c.h; path = IDCamera.h; sourceTree = "<group>"; };
		9C775ACD19903EFB001E7C7B /* IDCamera.m */ = {isa = PBXFileReference; fileEncoding = 4; lastKnownFileType = sourcecode.c.objc; path = IDCamera.m; sourceTree = "<group>"; };
		9C775ACF19903F8F001E7C7B /* IDRender.h */ = {isa = PBXFileReference; fileEncoding = 4; lastKnownFileType = sourcecode.c.h; path = IDRender.h; sourceTree = "<group>"; };
		9C775AD019903F8F001E7C7B /* IDRender.m */ = {isa = PBXFileReference; fileEncoding = 4; lastKnownFileType = sourcecode.c.objc; path = IDRender.m; sourceTree = "<group>"; };
		9C775AD4199067A8001E7C7B /* IDView.h */ = {isa = PBXFileReference; fileEncoding = 4; lastKnownFileType = sourcecode.c.h; path = IDView.h; sourceTree = "<group>"; };
		9C775AD5199067A8001E7C7B /* IDView.m */ = {isa = PBXFileReference; fileEncoding = 4; lastKnownFileType = sourcecode.c.objc; path = IDView.m; sourceTree = "<group>"; };
		9C775AD719906FB5001E7C7B /* IDLine.h */ = {isa = PBXFileReference; fileEncoding = 4; lastKnownFileType = sourcecode.c.h; path = IDLine.h; sourceTree = "<group>"; };
		9C775AD819906FB5001E7C7B /* IDLine.m */ = {isa = PBXFileReference; fileEncoding = 4; lastKnownFileType = sourcecode.c.objc; path = IDLine.m; sourceTree = "<group>"; };
		9CD0DB7A19A4782B00BBD49B /* IDRenderLine.h */ = {isa = PBXFileReference; fileEncoding = 4; lastKnownFileType = sourcecode.c.h; path = IDRenderLine.h; sourceTree = "<group>"; };
		9CD0DB7B19A4782B00BBD49B /* IDRenderLine.m */ = {isa = PBXFileReference; fileEncoding = 4; lastKnownFileType = sourcecode.c.objc; path = IDRenderLine.m; sourceTree = "<group>"; };
		9CF1797619903323009BDD8D /* raycast.app */ = {isa = PBXFileReference; explicitFileType = wrapper.application; includeInIndex = 0; path = raycast.app; sourceTree = BUILT_PRODUCTS_DIR; };
		9CF1797A19903323009BDD8D /* Info.plist */ = {isa = PBXFileReference; lastKnownFileType = text.plist.xml; path = Info.plist; sourceTree = "<group>"; };
		9CF1797B19903323009BDD8D /* main.m */ = {isa = PBXFileReference; lastKnownFileType = sourcecode.c.objc; path = main.m; sourceTree = "<group>"; };
		9CF1797D19903323009BDD8D /* AppDelegate.h */ = {isa = PBXFileReference; lastKnownFileType = sourcecode.c.h; path = AppDelegate.h; sourceTree = "<group>"; };
		9CF1797E19903323009BDD8D /* AppDelegate.m */ = {isa = PBXFileReference; lastKnownFileType = sourcecode.c.objc; path = AppDelegate.m; sourceTree = "<group>"; };
		9CF1798019903323009BDD8D /* ViewController.h */ = {isa = PBXFileReference; lastKnownFileType = sourcecode.c.h; path = ViewController.h; sourceTree = "<group>"; };
		9CF1798119903323009BDD8D /* ViewController.m */ = {isa = PBXFileReference; lastKnownFileType = sourcecode.c.objc; path = ViewController.m; sourceTree = "<group>"; };
		9CF1798419903323009BDD8D /* Base */ = {isa = PBXFileReference; lastKnownFileType = file.storyboard; name = Base; path = Base.lproj/Main.storyboard; sourceTree = "<group>"; };
		9CF1798619903323009BDD8D /* Images.xcassets */ = {isa = PBXFileReference; lastKnownFileType = folder.assetcatalog; path = Images.xcassets; sourceTree = "<group>"; };
		9CF1798C19903324009BDD8D /* raycastTests.xctest */ = {isa = PBXFileReference; explicitFileType = wrapper.cfbundle; includeInIndex = 0; path = raycastTests.xctest; sourceTree = BUILT_PRODUCTS_DIR; };
		9CF1799119903324009BDD8D /* Info.plist */ = {isa = PBXFileReference; lastKnownFileType = text.plist.xml; path = Info.plist; sourceTree = "<group>"; };
		9CF1799219903324009BDD8D /* raycastTests.m */ = {isa = PBXFileReference; lastKnownFileType = sourcecode.c.objc; path = raycastTests.m; sourceTree = "<group>"; };
		9CF1799C199037DC009BDD8D /* IDTicker.h */ = {isa = PBXFileReference; fileEncoding = 4; lastKnownFileType = sourcecode.c.h; path = IDTicker.h; sourceTree = "<group>"; };
		9CF1799D199037DC009BDD8D /* IDTicker.m */ = {isa = PBXFileReference; fileEncoding = 4; lastKnownFileType = sourcecode.c.objc; path = IDTicker.m; sourceTree = "<group>"; };
/* End PBXFileReference section */

/* Begin PBXFrameworksBuildPhase section */
		9CF1797319903323009BDD8D /* Frameworks */ = {
			isa = PBXFrameworksBuildPhase;
			buildActionMask = 2147483647;
			files = (
			);
			runOnlyForDeploymentPostprocessing = 0;
		};
		9CF1798919903324009BDD8D /* Frameworks */ = {
			isa = PBXFrameworksBuildPhase;
			buildActionMask = 2147483647;
			files = (
			);
			runOnlyForDeploymentPostprocessing = 0;
		};
/* End PBXFrameworksBuildPhase section */

/* Begin PBXGroup section */
		9C775AC819903E02001E7C7B /* DataTypes */ = {
			isa = PBXGroup;
			children = (
				9CD0DB7A19A4782B00BBD49B /* IDRenderLine.h */,
				9CD0DB7B19A4782B00BBD49B /* IDRenderLine.m */,
				9C41C90819903BE00059FD19 /* IDRectangle.h */,
				9C41C90919903BE00059FD19 /* IDRectangle.m */,
				9C775AC919903E4E001E7C7B /* IDRay.h */,
				9C775ACA19903E4E001E7C7B /* IDRay.m */,
				9C775ACC19903EFB001E7C7B /* IDCamera.h */,
				9C775ACD19903EFB001E7C7B /* IDCamera.m */,
				9C775AD719906FB5001E7C7B /* IDLine.h */,
				9C775AD819906FB5001E7C7B /* IDLine.m */,
			);
			name = DataTypes;
			sourceTree = "<group>";
		};
		9CF1796D19903323009BDD8D = {
			isa = PBXGroup;
			children = (
				9CF1797819903323009BDD8D /* raycast */,
				9CF1798F19903324009BDD8D /* raycastTests */,
				9CF1797719903323009BDD8D /* Products */,
			);
			sourceTree = "<group>";
		};
		9CF1797719903323009BDD8D /* Products */ = {
			isa = PBXGroup;
			children = (
				9CF1797619903323009BDD8D /* raycast.app */,
				9CF1798C19903324009BDD8D /* raycastTests.xctest */,
			);
			name = Products;
			sourceTree = "<group>";
		};
		9CF1797819903323009BDD8D /* raycast */ = {
			isa = PBXGroup;
			children = (
				9C775ACF19903F8F001E7C7B /* IDRender.h */,
				9C775AD019903F8F001E7C7B /* IDRender.m */,
				9CF1799C199037DC009BDD8D /* IDTicker.h */,
				9CF1799D199037DC009BDD8D /* IDTicker.m */,
				9C775AC819903E02001E7C7B /* DataTypes */,
				9CF1797D19903323009BDD8D /* AppDelegate.h */,
				9CF1797E19903323009BDD8D /* AppDelegate.m */,
				9CF1798019903323009BDD8D /* ViewController.h */,
				9CF1798119903323009BDD8D /* ViewController.m */,
				9C775AD4199067A8001E7C7B /* IDView.h */,
				9C775AD5199067A8001E7C7B /* IDView.m */,
				9CF1798319903323009BDD8D /* Main.storyboard */,
				9CF1798619903323009BDD8D /* Images.xcassets */,
				9CF1797919903323009BDD8D /* Supporting Files */,
			);
			path = raycast;
			sourceTree = "<group>";
		};
		9CF1797919903323009BDD8D /* Supporting Files */ = {
			isa = PBXGroup;
			children = (
				9CF1797A19903323009BDD8D /* Info.plist */,
				9CF1797B19903323009BDD8D /* main.m */,
			);
			name = "Supporting Files";
			sourceTree = "<group>";
		};
		9CF1798F19903324009BDD8D /* raycastTests */ = {
			isa = PBXGroup;
			children = (
				9CF1799219903324009BDD8D /* raycastTests.m */,
				9CF1799019903324009BDD8D /* Supporting Files */,
			);
			path = raycastTests;
			sourceTree = "<group>";
		};
		9CF1799019903324009BDD8D /* Supporting Files */ = {
			isa = PBXGroup;
			children = (
				9CF1799119903324009BDD8D /* Info.plist */,
			);
			name = "Supporting Files";
			sourceTree = "<group>";
		};
/* End PBXGroup section */

/* Begin PBXNativeTarget section */
		9CF1797519903323009BDD8D /* raycast */ = {
			isa = PBXNativeTarget;
			buildConfigurationList = 9CF1799619903324009BDD8D /* Build configuration list for PBXNativeTarget "raycast" */;
			buildPhases = (
				9CF1797219903323009BDD8D /* Sources */,
				9CF1797319903323009BDD8D /* Frameworks */,
				9CF1797419903323009BDD8D /* Resources */,
			);
			buildRules = (
			);
			dependencies = (
			);
			name = raycast;
			productName = raycast;
			productReference = 9CF1797619903323009BDD8D /* raycast.app */;
			productType = "com.apple.product-type.application";
		};
		9CF1798B19903324009BDD8D /* raycastTests */ = {
			isa = PBXNativeTarget;
			buildConfigurationList = 9CF1799919903324009BDD8D /* Build configuration list for PBXNativeTarget "raycastTests" */;
			buildPhases = (
				9CF1798819903324009BDD8D /* Sources */,
				9CF1798919903324009BDD8D /* Frameworks */,
				9CF1798A19903324009BDD8D /* Resources */,
			);
			buildRules = (
			);
			dependencies = (
				9CF1798E19903324009BDD8D /* PBXTargetDependency */,
			);
			name = raycastTests;
			productName = raycastTests;
			productReference = 9CF1798C19903324009BDD8D /* raycastTests.xctest */;
			productType = "com.apple.product-type.bundle.unit-test";
		};
/* End PBXNativeTarget section */

/* Begin PBXProject section */
		9CF1796E19903323009BDD8D /* Project object */ = {
			isa = PBXProject;
			attributes = {
				LastUpgradeCheck = 0600;
				ORGANIZATIONNAME = "Isaac Dudney";
				TargetAttributes = {
					9CF1797519903323009BDD8D = {
						CreatedOnToolsVersion = 6.0;
					};
					9CF1798B19903324009BDD8D = {
						CreatedOnToolsVersion = 6.0;
						TestTargetID = 9CF1797519903323009BDD8D;
					};
				};
			};
			buildConfigurationList = 9CF1797119903323009BDD8D /* Build configuration list for PBXProject "raycast" */;
			compatibilityVersion = "Xcode 3.2";
			developmentRegion = English;
			hasScannedForEncodings = 0;
			knownRegions = (
				en,
				Base,
			);
			mainGroup = 9CF1796D19903323009BDD8D;
			productRefGroup = 9CF1797719903323009BDD8D /* Products */;
			projectDirPath = "";
			projectRoot = "";
			targets = (
				9CF1797519903323009BDD8D /* raycast */,
				9CF1798B19903324009BDD8D /* raycastTests */,
			);
		};
/* End PBXProject section */

/* Begin PBXResourcesBuildPhase section */
		9CF1797419903323009BDD8D /* Resources */ = {
			isa = PBXResourcesBuildPhase;
			buildActionMask = 2147483647;
			files = (
				9CF1798519903323009BDD8D /* Main.storyboard in Resources */,
				9CF1798719903323009BDD8D /* Images.xcassets in Resources */,
			);
			runOnlyForDeploymentPostprocessing = 0;
		};
		9CF1798A19903324009BDD8D /* Resources */ = {
			isa = PBXResourcesBuildPhase;
			buildActionMask = 2147483647;
			files = (
			);
			runOnlyForDeploymentPostprocessing = 0;
		};
/* End PBXResourcesBuildPhase section */

/* Begin PBXSourcesBuildPhase section */
		9CF1797219903323009BDD8D /* Sources */ = {
			isa = PBXSourcesBuildPhase;
			buildActionMask = 2147483647;
			files = (
				9CF1799E199037DC009BDD8D /* IDTicker.m in Sources */,
				9CF1798219903323009BDD8D /* ViewController.m in Sources */,
				9C775AD6199067A8001E7C7B /* IDView.m in Sources */,
				9C775AD119903F8F001E7C7B /* IDRender.m in Sources */,
				9C775AD919906FB5001E7C7B /* IDLine.m in Sources */,
				9C41C90A19903BE00059FD19 /* IDRectangle.m in Sources */,
				9C775ACE19903EFB001E7C7B /* IDCamera.m in Sources */,
				9C775ACB19903E4E001E7C7B /* IDRay.m in Sources */,
				9CF1797F19903323009BDD8D /* AppDelegate.m in Sources */,
				9CF1797C19903323009BDD8D /* main.m in Sources */,
				9CD0DB7C19A4782B00BBD49B /* IDRenderLine.m in Sources */,
			);
			runOnlyForDeploymentPostprocessing = 0;
		};
		9CF1798819903324009BDD8D /* Sources */ = {
			isa = PBXSourcesBuildPhase;
			buildActionMask = 2147483647;
			files = (
				9CF1799319903324009BDD8D /* raycastTests.m in Sources */,
			);
			runOnlyForDeploymentPostprocessing = 0;
		};
/* End PBXSourcesBuildPhase section */

/* Begin PBXTargetDependency section */
		9CF1798E19903324009BDD8D /* PBXTargetDependency */ = {
			isa = PBXTargetDependency;
			target = 9CF1797519903323009BDD8D /* raycast */;
			targetProxy = 9CF1798D19903324009BDD8D /* PBXContainerItemProxy */;
		};
/* End PBXTargetDependency section */

/* Begin PBXVariantGroup section */
		9CF1798319903323009BDD8D /* Main.storyboard */ = {
			isa = PBXVariantGroup;
			children = (
				9CF1798419903323009BDD8D /* Base */,
			);
			name = Main.storyboard;
			sourceTree = "<group>";
		};
/* End PBXVariantGroup section */

/* Begin XCBuildConfiguration section */
		9CF1799419903324009BDD8D /* Debug */ = {
			isa = XCBuildConfiguration;
			buildSettings = {
				ALWAYS_SEARCH_USER_PATHS = NO;
				CLANG_CXX_LANGUAGE_STANDARD = "gnu++0x";
				CLANG_CXX_LIBRARY = "libc++";
				CLANG_ENABLE_MODULES = YES;
				CLANG_ENABLE_OBJC_ARC = YES;
				CLANG_WARN_BOOL_CONVERSION = YES;
				CLANG_WARN_CONSTANT_CONVERSION = YES;
				CLANG_WARN_DIRECT_OBJC_ISA_USAGE = YES_ERROR;
				CLANG_WARN_EMPTY_BODY = YES;
				CLANG_WARN_ENUM_CONVERSION = YES;
				CLANG_WARN_INT_CONVERSION = YES;
				CLANG_WARN_OBJC_ROOT_CLASS = YES_ERROR;
				CLANG_WARN_UNREACHABLE_CODE = YES;
				CLANG_WARN__DUPLICATE_METHOD_MATCH = YES;
				"CODE_SIGN_IDENTITY[sdk=iphoneos*]" = "iPhone Developer";
				COPY_PHASE_STRIP = NO;
				ENABLE_STRICT_OBJC_MSGSEND = YES;
				GCC_C_LANGUAGE_STANDARD = gnu99;
				GCC_DYNAMIC_NO_PIC = NO;
				GCC_OPTIMIZATION_LEVEL = 0;
				GCC_PREPROCESSOR_DEFINITIONS = (
					"DEBUG=1",
					"$(inherited)",
				);
				GCC_SYMBOLS_PRIVATE_EXTERN = NO;
				GCC_WARN_64_TO_32_BIT_CONVERSION = YES;
				GCC_WARN_ABOUT_RETURN_TYPE = YES_ERROR;
				GCC_WARN_UNDECLARED_SELECTOR = YES;
				GCC_WARN_UNINITIALIZED_AUTOS = YES_AGGRESSIVE;
				GCC_WARN_UNUSED_FUNCTION = YES;
				GCC_WARN_UNUSED_VARIABLE = YES;
				IPHONEOS_DEPLOYMENT_TARGET = 8.0;
				MTL_ENABLE_DEBUG_INFO = YES;
				ONLY_ACTIVE_ARCH = YES;
				SDKROOT = iphoneos;
				TARGETED_DEVICE_FAMILY = "1,2";
			};
			name = Debug;
		};
		9CF1799519903324009BDD8D /* Release */ = {
			isa = XCBuildConfiguration;
			buildSettings = {
				ALWAYS_SEARCH_USER_PATHS = NO;
				CLANG_CXX_LANGUAGE_STANDARD = "gnu++0x";
				CLANG_CXX_LIBRARY = "libc++";
				CLANG_ENABLE_MODULES = YES;
				CLANG_ENABLE_OBJC_ARC = YES;
				CLANG_WARN_BOOL_CONVERSION = YES;
				CLANG_WARN_CONSTANT_CONVERSION = YES;
				CLANG_WARN_DIRECT_OBJC_ISA_USAGE = YES_ERROR;
				CLANG_WARN_EMPTY_BODY = YES;
				CLANG_WARN_ENUM_CONVERSION = YES;
				CLANG_WARN_INT_CONVERSION = YES;
				CLANG_WARN_OBJC_ROOT_CLASS = YES_ERROR;
				CLANG_WARN_UNREACHABLE_CODE = YES;
				CLANG_WARN__DUPLICATE_METHOD_MATCH = YES;
				"CODE_SIGN_IDENTITY[sdk=iphoneos*]" = "iPhone Developer";
				COPY_PHASE_STRIP = YES;
				ENABLE_NS_ASSERTIONS = NO;
				ENABLE_STRICT_OBJC_MSGSEND = YES;
				GCC_C_LANGUAGE_STANDARD = gnu99;
				GCC_WARN_64_TO_32_BIT_CONVERSION = YES;
				GCC_WARN_ABOUT_RETURN_TYPE = YES_ERROR;
				GCC_WARN_UNDECLARED_SELECTOR = YES;
				GCC_WARN_UNINITIALIZED_AUTOS = YES_AGGRESSIVE;
				GCC_WARN_UNUSED_FUNCTION = YES;
				GCC_WARN_UNUSED_VARIABLE = YES;
				IPHONEOS_DEPLOYMENT_TARGET = 8.0;
				MTL_ENABLE_DEBUG_INFO = NO;
				SDKROOT = iphoneos;
				TARGETED_DEVICE_FAMILY = "1,2";
				VALIDATE_PRODUCT = YES;
			};
			name = Release;
		};
		9CF1799719903324009BDD8D /* Debug */ = {
			isa = XCBuildConfiguration;
			buildSettings = {
				ASSETCATALOG_COMPILER_APPICON_NAME = AppIcon;
				ASSETCATALOG_COMPILER_LAUNCHIMAGE_NAME = LaunchImage;
				INFOPLIST_FILE = raycast/Info.plist;
				IPHONEOS_DEPLOYMENT_TARGET = 7.1;
				LD_RUNPATH_SEARCH_PATHS = "$(inherited) @executable_path/Frameworks";
				PRODUCT_NAME = "$(TARGET_NAME)";
			};
			name = Debug;
		};
		9CF1799819903324009BDD8D /* Release */ = {
			isa = XCBuildConfiguration;
			buildSettings = {
				ASSETCATALOG_COMPILER_APPICON_NAME = AppIcon;
				ASSETCATALOG_COMPILER_LAUNCHIMAGE_NAME = LaunchImage;
				INFOPLIST_FILE = raycast/Info.plist;
				IPHONEOS_DEPLOYMENT_TARGET = 7.1;
				LD_RUNPATH_SEARCH_PATHS = "$(inherited) @executable_path/Frameworks";
				PRODUCT_NAME = "$(TARGET_NAME)";
			};
			name = Release;
		};
		9CF1799A19903324009BDD8D /* Debug */ = {
			isa = XCBuildConfiguration;
			buildSettings = {
				BUNDLE_LOADER = "$(BUILT_PRODUCTS_DIR)/raycast.app/raycast";
				FRAMEWORK_SEARCH_PATHS = (
					"$(SDKROOT)/Developer/Library/Frameworks",
					"$(inherited)",
				);
				GCC_PREPROCESSOR_DEFINITIONS = (
					"DEBUG=1",
					"$(inherited)",
				);
				INFOPLIST_FILE = raycastTests/Info.plist;
				LD_RUNPATH_SEARCH_PATHS = "$(inherited) @executable_path/Frameworks @loader_path/Frameworks";
				PRODUCT_NAME = "$(TARGET_NAME)";
				TEST_HOST = "$(BUNDLE_LOADER)";
			};
			name = Debug;
		};
		9CF1799B19903324009BDD8D /* Release */ = {
			isa = XCBuildConfiguration;
			buildSettings = {
				BUNDLE_LOADER = "$(BUILT_PRODUCTS_DIR)/raycast.app/raycast";
				FRAMEWORK_SEARCH_PATHS = (
					"$(SDKROOT)/Developer/Library/Frameworks",
					"$(inherited)",
				);
				INFOPLIST_FILE = raycastTests/Info.plist;
				LD_RUNPATH_SEARCH_PATHS = "$(inherited) @executable_path/Frameworks @loader_path/Frameworks";
				PRODUCT_NAME = "$(TARGET_NAME)";
				TEST_HOST = "$(BUNDLE_LOADER)";
			};
			name = Release;
		};
/* End XCBuildConfiguration section */

/* Begin XCConfigurationList section */
		9CF1797119903323009BDD8D /* Build configuration list for PBXProject "raycast" */ = {
			isa = XCConfigurationList;
			buildConfigurations = (
				9CF1799419903324009BDD8D /* Debug */,
				9CF1799519903324009BDD8D /* Release */,
			);
			defaultConfigurationIsVisible = 0;
			defaultConfigurationName = Release;
		};
		9CF1799619903324009BDD8D /* Build configuration list for PBXNativeTarget "raycast" */ = {
			isa = XCConfigurationList;
			buildConfigurations = (
				9CF1799719903324009BDD8D /* Debug */,
				9CF1799819903324009BDD8D /* Release */,
			);
			defaultConfigurationIsVisible = 0;
			defaultConfigurationName = Release;
		};
		9CF1799919903324009BDD8D /* Build configuration list for PBXNativeTarget "raycastTests" */ = {
			isa = XCConfigurationList;
			buildConfigurations = (
				9CF1799A19903324009BDD8D /* Debug */,
				9CF1799B19903324009BDD8D /* Release */,
			);
			defaultConfigurationIsVisible = 0;
			defaultConfigurationName = Release;
		};
/* End XCConfigurationList section */
	};
	rootObject = 9CF1796E19903323009BDD8D /* Project object */;
}
